
Microsoft Visual Studio Solution File, Format Version 12.00
# Visual Studio Version 17
VisualStudioVersion = 17.0.32112.339
MinimumVisualStudioVersion = 10.0.40219.1
Project("{FAE04EC0-301F-11D3-BF4B-00C04F79EFBC}") = "MobileEater.UWP", "MobileEater\MobileEater.UWP\MobileEater.UWP.csproj", "{C020D8AC-45BA-4566-8C6F-42F1B9847236}"
EndProject
Project("{FAE04EC0-301F-11D3-BF4B-00C04F79EFBC}") = "MobileEater.Android", "MobileEater\MobileEater.Android\MobileEater.Android.csproj", "{8356D20C-AF7F-4800-8BBC-1BE6B1E224A0}"
EndProject
Project("{FAE04EC0-301F-11D3-BF4B-00C04F79EFBC}") = "MobileEater.iOS", "MobileEater\MobileEater.iOS\MobileEater.iOS.csproj", "{D0062578-AC5E-440B-B5A1-FD9B6BCF03EE}"
EndProject
Project("{9A19103F-16F7-4668-BE54-9A1E7A4F7556}") = "MobileEater", "MobileEater\MobileEater\MobileEater.csproj", "{30B21640-3576-4F3B-A35A-32FF3BD8A182}"
EndProject
Project("{9A19103F-16F7-4668-BE54-9A1E7A4F7556}") = "EaterAPI2022", "EaterAPI2022\EaterAPI2022.csproj", "{3778E108-9E5A-4F29-8382-7A400EFCFD5A}"
EndProject
Project("{9A19103F-16F7-4668-BE54-9A1E7A4F7556}") = "EaterTests", "EaterTests\EaterTests.csproj", "{04A6C4E9-5771-402F-972E-EBF7B76C2DD0}"
EndProject
Project("{2150E333-8FDC-42A3-9474-1A3956D46DE8}") = "Solution Items", "Solution Items", "{7CE14728-CEB4-4AAA-BE88-FBFDDF33AEC7}"
	ProjectSection(SolutionItems) = preProject
		.github\workflows\main_cloudeater2022.yml = .github\workflows\main_cloudeater2022.yml
	EndProjectSection
EndProject
Project("{9A19103F-16F7-4668-BE54-9A1E7A4F7556}") = "worker", "worker\worker.csproj", "{326A06D4-8E3A-4391-8309-6C05B34F26EA}"
EndProject
Project("{9A19103F-16F7-4668-BE54-9A1E7A4F7556}") = "Shared", "Shared\Shared.csproj", "{90F6CA17-C04A-4567-AE0B-B162E529BFFB}"
EndProject
Project("{9A19103F-16F7-4668-BE54-9A1E7A4F7556}") = "boss", "boss\boss.csproj", "{9923552E-B5D1-4E51-9356-222CCEB25D81}"
EndProject
Project("{E53339B2-1760-4266-BCC7-CA923CBCF16C}") = "docker-compose", "docker-compose.dcproj", "{E9935156-AA58-43B9-82BF-F4A729A84CED}"
EndProject
Global
	GlobalSection(SolutionConfigurationPlatforms) = preSolution
		Debug|Any CPU = Debug|Any CPU
		Debug|ARM = Debug|ARM
		Debug|iPhone = Debug|iPhone
		Debug|iPhoneSimulator = Debug|iPhoneSimulator
		Debug|x64 = Debug|x64
		Debug|x86 = Debug|x86
		Release|Any CPU = Release|Any CPU
		Release|ARM = Release|ARM
		Release|iPhone = Release|iPhone
		Release|iPhoneSimulator = Release|iPhoneSimulator
		Release|x64 = Release|x64
		Release|x86 = Release|x86
	EndGlobalSection
	GlobalSection(ProjectConfigurationPlatforms) = postSolution
		{C020D8AC-45BA-4566-8C6F-42F1B9847236}.Debug|Any CPU.ActiveCfg = Debug|x64
		{C020D8AC-45BA-4566-8C6F-42F1B9847236}.Debug|Any CPU.Build.0 = Debug|x64
		{C020D8AC-45BA-4566-8C6F-42F1B9847236}.Debug|Any CPU.Deploy.0 = Debug|x64
		{C020D8AC-45BA-4566-8C6F-42F1B9847236}.Debug|ARM.ActiveCfg = Debug|ARM
		{C020D8AC-45BA-4566-8C6F-42F1B9847236}.Debug|ARM.Build.0 = Debug|ARM
		{C020D8AC-45BA-4566-8C6F-42F1B9847236}.Debug|ARM.Deploy.0 = Debug|ARM
		{C020D8AC-45BA-4566-8C6F-42F1B9847236}.Debug|iPhone.ActiveCfg = Debug|x64
		{C020D8AC-45BA-4566-8C6F-42F1B9847236}.Debug|iPhone.Build.0 = Debug|x64
		{C020D8AC-45BA-4566-8C6F-42F1B9847236}.Debug|iPhone.Deploy.0 = Debug|x64
		{C020D8AC-45BA-4566-8C6F-42F1B9847236}.Debug|iPhoneSimulator.ActiveCfg = Debug|x64
		{C020D8AC-45BA-4566-8C6F-42F1B9847236}.Debug|iPhoneSimulator.Build.0 = Debug|x64
		{C020D8AC-45BA-4566-8C6F-42F1B9847236}.Debug|iPhoneSimulator.Deploy.0 = Debug|x64
		{C020D8AC-45BA-4566-8C6F-42F1B9847236}.Debug|x64.ActiveCfg = Debug|x64
		{C020D8AC-45BA-4566-8C6F-42F1B9847236}.Debug|x64.Build.0 = Debug|x64
		{C020D8AC-45BA-4566-8C6F-42F1B9847236}.Debug|x64.Deploy.0 = Debug|x64
		{C020D8AC-45BA-4566-8C6F-42F1B9847236}.Debug|x86.ActiveCfg = Debug|x86
		{C020D8AC-45BA-4566-8C6F-42F1B9847236}.Debug|x86.Build.0 = Debug|x86
		{C020D8AC-45BA-4566-8C6F-42F1B9847236}.Debug|x86.Deploy.0 = Debug|x86
		{C020D8AC-45BA-4566-8C6F-42F1B9847236}.Release|Any CPU.ActiveCfg = Release|x64
		{C020D8AC-45BA-4566-8C6F-42F1B9847236}.Release|Any CPU.Build.0 = Release|x64
		{C020D8AC-45BA-4566-8C6F-42F1B9847236}.Release|Any CPU.Deploy.0 = Release|x64
		{C020D8AC-45BA-4566-8C6F-42F1B9847236}.Release|ARM.ActiveCfg = Release|ARM
		{C020D8AC-45BA-4566-8C6F-42F1B9847236}.Release|ARM.Build.0 = Release|ARM
		{C020D8AC-45BA-4566-8C6F-42F1B9847236}.Release|ARM.Deploy.0 = Release|ARM
		{C020D8AC-45BA-4566-8C6F-42F1B9847236}.Release|iPhone.ActiveCfg = Release|x64
		{C020D8AC-45BA-4566-8C6F-42F1B9847236}.Release|iPhone.Build.0 = Release|x64
		{C020D8AC-45BA-4566-8C6F-42F1B9847236}.Release|iPhone.Deploy.0 = Release|x64
		{C020D8AC-45BA-4566-8C6F-42F1B9847236}.Release|iPhoneSimulator.ActiveCfg = Release|x64
		{C020D8AC-45BA-4566-8C6F-42F1B9847236}.Release|iPhoneSimulator.Build.0 = Release|x64
		{C020D8AC-45BA-4566-8C6F-42F1B9847236}.Release|iPhoneSimulator.Deploy.0 = Release|x64
		{C020D8AC-45BA-4566-8C6F-42F1B9847236}.Release|x64.ActiveCfg = Release|x64
		{C020D8AC-45BA-4566-8C6F-42F1B9847236}.Release|x64.Build.0 = Release|x64
		{C020D8AC-45BA-4566-8C6F-42F1B9847236}.Release|x64.Deploy.0 = Release|x64
		{C020D8AC-45BA-4566-8C6F-42F1B9847236}.Release|x86.ActiveCfg = Release|x86
		{C020D8AC-45BA-4566-8C6F-42F1B9847236}.Release|x86.Build.0 = Release|x86
		{C020D8AC-45BA-4566-8C6F-42F1B9847236}.Release|x86.Deploy.0 = Release|x86
		{8356D20C-AF7F-4800-8BBC-1BE6B1E224A0}.Debug|Any CPU.ActiveCfg = Debug|Any CPU
		{8356D20C-AF7F-4800-8BBC-1BE6B1E224A0}.Debug|Any CPU.Build.0 = Debug|Any CPU
		{8356D20C-AF7F-4800-8BBC-1BE6B1E224A0}.Debug|Any CPU.Deploy.0 = Debug|Any CPU
		{8356D20C-AF7F-4800-8BBC-1BE6B1E224A0}.Debug|ARM.ActiveCfg = Debug|Any CPU
		{8356D20C-AF7F-4800-8BBC-1BE6B1E224A0}.Debug|ARM.Build.0 = Debug|Any CPU
		{8356D20C-AF7F-4800-8BBC-1BE6B1E224A0}.Debug|ARM.Deploy.0 = Debug|Any CPU
		{8356D20C-AF7F-4800-8BBC-1BE6B1E224A0}.Debug|iPhone.ActiveCfg = Debug|Any CPU
		{8356D20C-AF7F-4800-8BBC-1BE6B1E224A0}.Debug|iPhone.Build.0 = Debug|Any CPU
		{8356D20C-AF7F-4800-8BBC-1BE6B1E224A0}.Debug|iPhone.Deploy.0 = Debug|Any CPU
		{8356D20C-AF7F-4800-8BBC-1BE6B1E224A0}.Debug|iPhoneSimulator.ActiveCfg = Debug|Any CPU
		{8356D20C-AF7F-4800-8BBC-1BE6B1E224A0}.Debug|iPhoneSimulator.Build.0 = Debug|Any CPU
		{8356D20C-AF7F-4800-8BBC-1BE6B1E224A0}.Debug|iPhoneSimulator.Deploy.0 = Debug|Any CPU
		{8356D20C-AF7F-4800-8BBC-1BE6B1E224A0}.Debug|x64.ActiveCfg = Debug|Any CPU
		{8356D20C-AF7F-4800-8BBC-1BE6B1E224A0}.Debug|x64.Build.0 = Debug|Any CPU
		{8356D20C-AF7F-4800-8BBC-1BE6B1E224A0}.Debug|x64.Deploy.0 = Debug|Any CPU
		{8356D20C-AF7F-4800-8BBC-1BE6B1E224A0}.Debug|x86.ActiveCfg = Debug|Any CPU
		{8356D20C-AF7F-4800-8BBC-1BE6B1E224A0}.Debug|x86.Build.0 = Debug|Any CPU
		{8356D20C-AF7F-4800-8BBC-1BE6B1E224A0}.Debug|x86.Deploy.0 = Debug|Any CPU
		{8356D20C-AF7F-4800-8BBC-1BE6B1E224A0}.Release|Any CPU.ActiveCfg = Release|Any CPU
		{8356D20C-AF7F-4800-8BBC-1BE6B1E224A0}.Release|Any CPU.Build.0 = Release|Any CPU
		{8356D20C-AF7F-4800-8BBC-1BE6B1E224A0}.Release|Any CPU.Deploy.0 = Release|Any CPU
		{8356D20C-AF7F-4800-8BBC-1BE6B1E224A0}.Release|ARM.ActiveCfg = Release|Any CPU
		{8356D20C-AF7F-4800-8BBC-1BE6B1E224A0}.Release|ARM.Build.0 = Release|Any CPU
		{8356D20C-AF7F-4800-8BBC-1BE6B1E224A0}.Release|ARM.Deploy.0 = Release|Any CPU
		{8356D20C-AF7F-4800-8BBC-1BE6B1E224A0}.Release|iPhone.ActiveCfg = Release|Any CPU
		{8356D20C-AF7F-4800-8BBC-1BE6B1E224A0}.Release|iPhone.Build.0 = Release|Any CPU
		{8356D20C-AF7F-4800-8BBC-1BE6B1E224A0}.Release|iPhone.Deploy.0 = Release|Any CPU
		{8356D20C-AF7F-4800-8BBC-1BE6B1E224A0}.Release|iPhoneSimulator.ActiveCfg = Release|Any CPU
		{8356D20C-AF7F-4800-8BBC-1BE6B1E224A0}.Release|iPhoneSimulator.Build.0 = Release|Any CPU
		{8356D20C-AF7F-4800-8BBC-1BE6B1E224A0}.Release|iPhoneSimulator.Deploy.0 = Release|Any CPU
		{8356D20C-AF7F-4800-8BBC-1BE6B1E224A0}.Release|x64.ActiveCfg = Release|Any CPU
		{8356D20C-AF7F-4800-8BBC-1BE6B1E224A0}.Release|x64.Build.0 = Release|Any CPU
		{8356D20C-AF7F-4800-8BBC-1BE6B1E224A0}.Release|x64.Deploy.0 = Release|Any CPU
		{8356D20C-AF7F-4800-8BBC-1BE6B1E224A0}.Release|x86.ActiveCfg = Release|Any CPU
		{8356D20C-AF7F-4800-8BBC-1BE6B1E224A0}.Release|x86.Build.0 = Release|Any CPU
		{8356D20C-AF7F-4800-8BBC-1BE6B1E224A0}.Release|x86.Deploy.0 = Release|Any CPU
		{D0062578-AC5E-440B-B5A1-FD9B6BCF03EE}.Debug|Any CPU.ActiveCfg = Debug|iPhoneSimulator
		{D0062578-AC5E-440B-B5A1-FD9B6BCF03EE}.Debug|Any CPU.Build.0 = Debug|iPhoneSimulator
		{D0062578-AC5E-440B-B5A1-FD9B6BCF03EE}.Debug|ARM.ActiveCfg = Debug|iPhoneSimulator
		{D0062578-AC5E-440B-B5A1-FD9B6BCF03EE}.Debug|ARM.Build.0 = Debug|iPhoneSimulator
		{D0062578-AC5E-440B-B5A1-FD9B6BCF03EE}.Debug|iPhone.ActiveCfg = Debug|iPhone
		{D0062578-AC5E-440B-B5A1-FD9B6BCF03EE}.Debug|iPhone.Build.0 = Debug|iPhone
		{D0062578-AC5E-440B-B5A1-FD9B6BCF03EE}.Debug|iPhoneSimulator.ActiveCfg = Debug|iPhoneSimulator
		{D0062578-AC5E-440B-B5A1-FD9B6BCF03EE}.Debug|iPhoneSimulator.Build.0 = Debug|iPhoneSimulator
		{D0062578-AC5E-440B-B5A1-FD9B6BCF03EE}.Debug|x64.ActiveCfg = Debug|iPhoneSimulator
		{D0062578-AC5E-440B-B5A1-FD9B6BCF03EE}.Debug|x64.Build.0 = Debug|iPhoneSimulator
		{D0062578-AC5E-440B-B5A1-FD9B6BCF03EE}.Debug|x86.ActiveCfg = Debug|iPhoneSimulator
		{D0062578-AC5E-440B-B5A1-FD9B6BCF03EE}.Debug|x86.Build.0 = Debug|iPhoneSimulator
		{D0062578-AC5E-440B-B5A1-FD9B6BCF03EE}.Release|Any CPU.ActiveCfg = Release|iPhoneSimulator
		{D0062578-AC5E-440B-B5A1-FD9B6BCF03EE}.Release|Any CPU.Build.0 = Release|iPhoneSimulator
		{D0062578-AC5E-440B-B5A1-FD9B6BCF03EE}.Release|ARM.ActiveCfg = Release|iPhoneSimulator
		{D0062578-AC5E-440B-B5A1-FD9B6BCF03EE}.Release|ARM.Build.0 = Release|iPhoneSimulator
		{D0062578-AC5E-440B-B5A1-FD9B6BCF03EE}.Release|iPhone.ActiveCfg = Release|iPhone
		{D0062578-AC5E-440B-B5A1-FD9B6BCF03EE}.Release|iPhone.Build.0 = Release|iPhone
		{D0062578-AC5E-440B-B5A1-FD9B6BCF03EE}.Release|iPhoneSimulator.ActiveCfg = Release|iPhoneSimulator
		{D0062578-AC5E-440B-B5A1-FD9B6BCF03EE}.Release|iPhoneSimulator.Build.0 = Release|iPhoneSimulator
		{D0062578-AC5E-440B-B5A1-FD9B6BCF03EE}.Release|x64.ActiveCfg = Release|iPhoneSimulator
		{D0062578-AC5E-440B-B5A1-FD9B6BCF03EE}.Release|x64.Build.0 = Release|iPhoneSimulator
		{D0062578-AC5E-440B-B5A1-FD9B6BCF03EE}.Release|x86.ActiveCfg = Release|iPhoneSimulator
		{D0062578-AC5E-440B-B5A1-FD9B6BCF03EE}.Release|x86.Build.0 = Release|iPhoneSimulator
		{30B21640-3576-4F3B-A35A-32FF3BD8A182}.Debug|Any CPU.ActiveCfg = Debug|Any CPU
		{30B21640-3576-4F3B-A35A-32FF3BD8A182}.Debug|Any CPU.Build.0 = Debug|Any CPU
		{30B21640-3576-4F3B-A35A-32FF3BD8A182}.Debug|ARM.ActiveCfg = Debug|Any CPU
		{30B21640-3576-4F3B-A35A-32FF3BD8A182}.Debug|ARM.Build.0 = Debug|Any CPU
		{30B21640-3576-4F3B-A35A-32FF3BD8A182}.Debug|iPhone.ActiveCfg = Debug|Any CPU
		{30B21640-3576-4F3B-A35A-32FF3BD8A182}.Debug|iPhone.Build.0 = Debug|Any CPU
		{30B21640-3576-4F3B-A35A-32FF3BD8A182}.Debug|iPhoneSimulator.ActiveCfg = Debug|Any CPU
		{30B21640-3576-4F3B-A35A-32FF3BD8A182}.Debug|iPhoneSimulator.Build.0 = Debug|Any CPU
		{30B21640-3576-4F3B-A35A-32FF3BD8A182}.Debug|x64.ActiveCfg = Debug|Any CPU
		{30B21640-3576-4F3B-A35A-32FF3BD8A182}.Debug|x64.Build.0 = Debug|Any CPU
		{30B21640-3576-4F3B-A35A-32FF3BD8A182}.Debug|x86.ActiveCfg = Debug|Any CPU
		{30B21640-3576-4F3B-A35A-32FF3BD8A182}.Debug|x86.Build.0 = Debug|Any CPU
		{30B21640-3576-4F3B-A35A-32FF3BD8A182}.Release|Any CPU.ActiveCfg = Release|Any CPU
		{30B21640-3576-4F3B-A35A-32FF3BD8A182}.Release|Any CPU.Build.0 = Release|Any CPU
		{30B21640-3576-4F3B-A35A-32FF3BD8A182}.Release|ARM.ActiveCfg = Release|Any CPU
		{30B21640-3576-4F3B-A35A-32FF3BD8A182}.Release|ARM.Build.0 = Release|Any CPU
		{30B21640-3576-4F3B-A35A-32FF3BD8A182}.Release|iPhone.ActiveCfg = Release|Any CPU
		{30B21640-3576-4F3B-A35A-32FF3BD8A182}.Release|iPhone.Build.0 = Release|Any CPU
		{30B21640-3576-4F3B-A35A-32FF3BD8A182}.Release|iPhoneSimulator.ActiveCfg = Release|Any CPU
		{30B21640-3576-4F3B-A35A-32FF3BD8A182}.Release|iPhoneSimulator.Build.0 = Release|Any CPU
		{30B21640-3576-4F3B-A35A-32FF3BD8A182}.Release|x64.ActiveCfg = Release|Any CPU
		{30B21640-3576-4F3B-A35A-32FF3BD8A182}.Release|x64.Build.0 = Release|Any CPU
		{30B21640-3576-4F3B-A35A-32FF3BD8A182}.Release|x86.ActiveCfg = Release|Any CPU
		{30B21640-3576-4F3B-A35A-32FF3BD8A182}.Release|x86.Build.0 = Release|Any CPU
		{3778E108-9E5A-4F29-8382-7A400EFCFD5A}.Debug|Any CPU.ActiveCfg = Debug|Any CPU
		{3778E108-9E5A-4F29-8382-7A400EFCFD5A}.Debug|Any CPU.Build.0 = Debug|Any CPU
		{3778E108-9E5A-4F29-8382-7A400EFCFD5A}.Debug|ARM.ActiveCfg = Debug|Any CPU
		{3778E108-9E5A-4F29-8382-7A400EFCFD5A}.Debug|ARM.Build.0 = Debug|Any CPU
		{3778E108-9E5A-4F29-8382-7A400EFCFD5A}.Debug|iPhone.ActiveCfg = Debug|Any CPU
		{3778E108-9E5A-4F29-8382-7A400EFCFD5A}.Debug|iPhone.Build.0 = Debug|Any CPU
		{3778E108-9E5A-4F29-8382-7A400EFCFD5A}.Debug|iPhoneSimulator.ActiveCfg = Debug|Any CPU
		{3778E108-9E5A-4F29-8382-7A400EFCFD5A}.Debug|iPhoneSimulator.Build.0 = Debug|Any CPU
		{3778E108-9E5A-4F29-8382-7A400EFCFD5A}.Debug|x64.ActiveCfg = Debug|Any CPU
		{3778E108-9E5A-4F29-8382-7A400EFCFD5A}.Debug|x64.Build.0 = Debug|Any CPU
		{3778E108-9E5A-4F29-8382-7A400EFCFD5A}.Debug|x86.ActiveCfg = Debug|Any CPU
		{3778E108-9E5A-4F29-8382-7A400EFCFD5A}.Debug|x86.Build.0 = Debug|Any CPU
		{3778E108-9E5A-4F29-8382-7A400EFCFD5A}.Release|Any CPU.ActiveCfg = Release|Any CPU
		{3778E108-9E5A-4F29-8382-7A400EFCFD5A}.Release|Any CPU.Build.0 = Release|Any CPU
		{3778E108-9E5A-4F29-8382-7A400EFCFD5A}.Release|ARM.ActiveCfg = Release|Any CPU
		{3778E108-9E5A-4F29-8382-7A400EFCFD5A}.Release|ARM.Build.0 = Release|Any CPU
		{3778E108-9E5A-4F29-8382-7A400EFCFD5A}.Release|iPhone.ActiveCfg = Release|Any CPU
		{3778E108-9E5A-4F29-8382-7A400EFCFD5A}.Release|iPhone.Build.0 = Release|Any CPU
		{3778E108-9E5A-4F29-8382-7A400EFCFD5A}.Release|iPhoneSimulator.ActiveCfg = Release|Any CPU
		{3778E108-9E5A-4F29-8382-7A400EFCFD5A}.Release|iPhoneSimulator.Build.0 = Release|Any CPU
		{3778E108-9E5A-4F29-8382-7A400EFCFD5A}.Release|x64.ActiveCfg = Release|Any CPU
		{3778E108-9E5A-4F29-8382-7A400EFCFD5A}.Release|x64.Build.0 = Release|Any CPU
		{3778E108-9E5A-4F29-8382-7A400EFCFD5A}.Release|x86.ActiveCfg = Release|Any CPU
		{3778E108-9E5A-4F29-8382-7A400EFCFD5A}.Release|x86.Build.0 = Release|Any CPU
		{04A6C4E9-5771-402F-972E-EBF7B76C2DD0}.Debug|Any CPU.ActiveCfg = Debug|Any CPU
		{04A6C4E9-5771-402F-972E-EBF7B76C2DD0}.Debug|Any CPU.Build.0 = Debug|Any CPU
		{04A6C4E9-5771-402F-972E-EBF7B76C2DD0}.Debug|ARM.ActiveCfg = Debug|Any CPU
		{04A6C4E9-5771-402F-972E-EBF7B76C2DD0}.Debug|ARM.Build.0 = Debug|Any CPU
		{04A6C4E9-5771-402F-972E-EBF7B76C2DD0}.Debug|iPhone.ActiveCfg = Debug|Any CPU
		{04A6C4E9-5771-402F-972E-EBF7B76C2DD0}.Debug|iPhone.Build.0 = Debug|Any CPU
		{04A6C4E9-5771-402F-972E-EBF7B76C2DD0}.Debug|iPhoneSimulator.ActiveCfg = Debug|Any CPU
		{04A6C4E9-5771-402F-972E-EBF7B76C2DD0}.Debug|iPhoneSimulator.Build.0 = Debug|Any CPU
		{04A6C4E9-5771-402F-972E-EBF7B76C2DD0}.Debug|x64.ActiveCfg = Debug|Any CPU
		{04A6C4E9-5771-402F-972E-EBF7B76C2DD0}.Debug|x64.Build.0 = Debug|Any CPU
		{04A6C4E9-5771-402F-972E-EBF7B76C2DD0}.Debug|x86.ActiveCfg = Debug|Any CPU
		{04A6C4E9-5771-402F-972E-EBF7B76C2DD0}.Debug|x86.Build.0 = Debug|Any CPU
		{04A6C4E9-5771-402F-972E-EBF7B76C2DD0}.Release|Any CPU.ActiveCfg = Release|Any CPU
		{04A6C4E9-5771-402F-972E-EBF7B76C2DD0}.Release|Any CPU.Build.0 = Release|Any CPU
		{04A6C4E9-5771-402F-972E-EBF7B76C2DD0}.Release|ARM.ActiveCfg = Release|Any CPU
		{04A6C4E9-5771-402F-972E-EBF7B76C2DD0}.Release|ARM.Build.0 = Release|Any CPU
		{04A6C4E9-5771-402F-972E-EBF7B76C2DD0}.Release|iPhone.ActiveCfg = Release|Any CPU
		{04A6C4E9-5771-402F-972E-EBF7B76C2DD0}.Release|iPhone.Build.0 = Release|Any CPU
		{04A6C4E9-5771-402F-972E-EBF7B76C2DD0}.Release|iPhoneSimulator.ActiveCfg = Release|Any CPU
		{04A6C4E9-5771-402F-972E-EBF7B76C2DD0}.Release|iPhoneSimulator.Build.0 = Release|Any CPU
		{04A6C4E9-5771-402F-972E-EBF7B76C2DD0}.Release|x64.ActiveCfg = Release|Any CPU
		{04A6C4E9-5771-402F-972E-EBF7B76C2DD0}.Release|x64.Build.0 = Release|Any CPU
		{04A6C4E9-5771-402F-972E-EBF7B76C2DD0}.Release|x86.ActiveCfg = Release|Any CPU
		{04A6C4E9-5771-402F-972E-EBF7B76C2DD0}.Release|x86.Build.0 = Release|Any CPU
		{326A06D4-8E3A-4391-8309-6C05B34F26EA}.Debug|Any CPU.ActiveCfg = Debug|Any CPU
		{326A06D4-8E3A-4391-8309-6C05B34F26EA}.Debug|Any CPU.Build.0 = Debug|Any CPU
		{326A06D4-8E3A-4391-8309-6C05B34F26EA}.Debug|ARM.ActiveCfg = Debug|Any CPU
		{326A06D4-8E3A-4391-8309-6C05B34F26EA}.Debug|ARM.Build.0 = Debug|Any CPU
		{326A06D4-8E3A-4391-8309-6C05B34F26EA}.Debug|iPhone.ActiveCfg = Debug|Any CPU
		{326A06D4-8E3A-4391-8309-6C05B34F26EA}.Debug|iPhone.Build.0 = Debug|Any CPU
		{326A06D4-8E3A-4391-8309-6C05B34F26EA}.Debug|iPhoneSimulator.ActiveCfg = Debug|Any CPU
		{326A06D4-8E3A-4391-8309-6C05B34F26EA}.Debug|iPhoneSimulator.Build.0 = Debug|Any CPU
		{326A06D4-8E3A-4391-8309-6C05B34F26EA}.Debug|x64.ActiveCfg = Debug|Any CPU
		{326A06D4-8E3A-4391-8309-6C05B34F26EA}.Debug|x64.Build.0 = Debug|Any CPU
		{326A06D4-8E3A-4391-8309-6C05B34F26EA}.Debug|x86.ActiveCfg = Debug|Any CPU
		{326A06D4-8E3A-4391-8309-6C05B34F26EA}.Debug|x86.Build.0 = Debug|Any CPU
		{326A06D4-8E3A-4391-8309-6C05B34F26EA}.Release|Any CPU.ActiveCfg = Release|Any CPU
		{326A06D4-8E3A-4391-8309-6C05B34F26EA}.Release|Any CPU.Build.0 = Release|Any CPU
		{326A06D4-8E3A-4391-8309-6C05B34F26EA}.Release|ARM.ActiveCfg = Release|Any CPU
		{326A06D4-8E3A-4391-8309-6C05B34F26EA}.Release|ARM.Build.0 = Release|Any CPU
		{326A06D4-8E3A-4391-8309-6C05B34F26EA}.Release|iPhone.ActiveCfg = Release|Any CPU
		{326A06D4-8E3A-4391-8309-6C05B34F26EA}.Release|iPhone.Build.0 = Release|Any CPU
		{326A06D4-8E3A-4391-8309-6C05B34F26EA}.Release|iPhoneSimulator.ActiveCfg = Release|Any CPU
		{326A06D4-8E3A-4391-8309-6C05B34F26EA}.Release|iPhoneSimulator.Build.0 = Release|Any CPU
		{326A06D4-8E3A-4391-8309-6C05B34F26EA}.Release|x64.ActiveCfg = Release|Any CPU
		{326A06D4-8E3A-4391-8309-6C05B34F26EA}.Release|x64.Build.0 = Release|Any CPU
		{326A06D4-8E3A-4391-8309-6C05B34F26EA}.Release|x86.ActiveCfg = Release|Any CPU
		{326A06D4-8E3A-4391-8309-6C05B34F26EA}.Release|x86.Build.0 = Release|Any CPU
		{90F6CA17-C04A-4567-AE0B-B162E529BFFB}.Debug|Any CPU.ActiveCfg = Debug|Any CPU
		{90F6CA17-C04A-4567-AE0B-B162E529BFFB}.Debug|Any CPU.Build.0 = Debug|Any CPU
		{90F6CA17-C04A-4567-AE0B-B162E529BFFB}.Debug|ARM.ActiveCfg = Debug|Any CPU
		{90F6CA17-C04A-4567-AE0B-B162E529BFFB}.Debug|ARM.Build.0 = Debug|Any CPU
		{90F6CA17-C04A-4567-AE0B-B162E529BFFB}.Debug|iPhone.ActiveCfg = Debug|Any CPU
		{90F6CA17-C04A-4567-AE0B-B162E529BFFB}.Debug|iPhone.Build.0 = Debug|Any CPU
		{90F6CA17-C04A-4567-AE0B-B162E529BFFB}.Debug|iPhoneSimulator.ActiveCfg = Debug|Any CPU
		{90F6CA17-C04A-4567-AE0B-B162E529BFFB}.Debug|iPhoneSimulator.Build.0 = Debug|Any CPU
		{90F6CA17-C04A-4567-AE0B-B162E529BFFB}.Debug|x64.ActiveCfg = Debug|Any CPU
		{90F6CA17-C04A-4567-AE0B-B162E529BFFB}.Debug|x64.Build.0 = Debug|Any CPU
		{90F6CA17-C04A-4567-AE0B-B162E529BFFB}.Debug|x86.ActiveCfg = Debug|Any CPU
		{90F6CA17-C04A-4567-AE0B-B162E529BFFB}.Debug|x86.Build.0 = Debug|Any CPU
		{90F6CA17-C04A-4567-AE0B-B162E529BFFB}.Release|Any CPU.ActiveCfg = Release|Any CPU
		{90F6CA17-C04A-4567-AE0B-B162E529BFFB}.Release|Any CPU.Build.0 = Release|Any CPU
		{90F6CA17-C04A-4567-AE0B-B162E529BFFB}.Release|ARM.ActiveCfg = Release|Any CPU
		{90F6CA17-C04A-4567-AE0B-B162E529BFFB}.Release|ARM.Build.0 = Release|Any CPU
		{90F6CA17-C04A-4567-AE0B-B162E529BFFB}.Release|iPhone.ActiveCfg = Release|Any CPU
		{90F6CA17-C04A-4567-AE0B-B162E529BFFB}.Release|iPhone.Build.0 = Release|Any CPU
		{90F6CA17-C04A-4567-AE0B-B162E529BFFB}.Release|iPhoneSimulator.ActiveCfg = Release|Any CPU
		{90F6CA17-C04A-4567-AE0B-B162E529BFFB}.Release|iPhoneSimulator.Build.0 = Release|Any CPU
		{90F6CA17-C04A-4567-AE0B-B162E529BFFB}.Release|x64.ActiveCfg = Release|Any CPU
		{90F6CA17-C04A-4567-AE0B-B162E529BFFB}.Release|x64.Build.0 = Release|Any CPU
		{90F6CA17-C04A-4567-AE0B-B162E529BFFB}.Release|x86.ActiveCfg = Release|Any CPU
		{90F6CA17-C04A-4567-AE0B-B162E529BFFB}.Release|x86.Build.0 = Release|Any CPU
		{9923552E-B5D1-4E51-9356-222CCEB25D81}.Debug|Any CPU.ActiveCfg = Debug|Any CPU
		{9923552E-B5D1-4E51-9356-222CCEB25D81}.Debug|Any CPU.Build.0 = Debug|Any CPU
		{9923552E-B5D1-4E51-9356-222CCEB25D81}.Debug|ARM.ActiveCfg = Debug|Any CPU
		{9923552E-B5D1-4E51-9356-222CCEB25D81}.Debug|ARM.Build.0 = Debug|Any CPU
		{9923552E-B5D1-4E51-9356-222CCEB25D81}.Debug|iPhone.ActiveCfg = Debug|Any CPU
		{9923552E-B5D1-4E51-9356-222CCEB25D81}.Debug|iPhone.Build.0 = Debug|Any CPU
		{9923552E-B5D1-4E51-9356-222CCEB25D81}.Debug|iPhoneSimulator.ActiveCfg = Debug|Any CPU
		{9923552E-B5D1-4E51-9356-222CCEB25D81}.Debug|iPhoneSimulator.Build.0 = Debug|Any CPU
		{9923552E-B5D1-4E51-9356-222CCEB25D81}.Debug|x64.ActiveCfg = Debug|Any CPU
		{9923552E-B5D1-4E51-9356-222CCEB25D81}.Debug|x64.Build.0 = Debug|Any CPU
		{9923552E-B5D1-4E51-9356-222CCEB25D81}.Debug|x86.ActiveCfg = Debug|Any CPU
		{9923552E-B5D1-4E51-9356-222CCEB25D81}.Debug|x86.Build.0 = Debug|Any CPU
		{9923552E-B5D1-4E51-9356-222CCEB25D81}.Release|Any CPU.ActiveCfg = Release|Any CPU
		{9923552E-B5D1-4E51-9356-222CCEB25D81}.Release|Any CPU.Build.0 = Release|Any CPU
		{9923552E-B5D1-4E51-9356-222CCEB25D81}.Release|ARM.ActiveCfg = Release|Any CPU
		{9923552E-B5D1-4E51-9356-222CCEB25D81}.Release|ARM.Build.0 = Release|Any CPU
		{9923552E-B5D1-4E51-9356-222CCEB25D81}.Release|iPhone.ActiveCfg = Release|Any CPU
		{9923552E-B5D1-4E51-9356-222CCEB25D81}.Release|iPhone.Build.0 = Release|Any CPU
		{9923552E-B5D1-4E51-9356-222CCEB25D81}.Release|iPhoneSimulator.ActiveCfg = Release|Any CPU
		{9923552E-B5D1-4E51-9356-222CCEB25D81}.Release|iPhoneSimulator.Build.0 = Release|Any CPU
		{9923552E-B5D1-4E51-9356-222CCEB25D81}.Release|x64.ActiveCfg = Release|Any CPU
		{9923552E-B5D1-4E51-9356-222CCEB25D81}.Release|x64.Build.0 = Release|Any CPU
		{9923552E-B5D1-4E51-9356-222CCEB25D81}.Release|x86.ActiveCfg = Release|Any CPU
		{9923552E-B5D1-4E51-9356-222CCEB25D81}.Release|x86.Build.0 = Release|Any CPU
		{E9935156-AA58-43B9-82BF-F4A729A84CED}.Debug|Any CPU.ActiveCfg = Debug|Any CPU
		{E9935156-AA58-43B9-82BF-F4A729A84CED}.Debug|Any CPU.Build.0 = Debug|Any CPU
		{E9935156-AA58-43B9-82BF-F4A729A84CED}.Debug|ARM.ActiveCfg = Debug|Any CPU
		{E9935156-AA58-43B9-82BF-F4A729A84CED}.Debug|ARM.Build.0 = Debug|Any CPU
		{E9935156-AA58-43B9-82BF-F4A729A84CED}.Debug|iPhone.ActiveCfg = Debug|Any CPU
		{E9935156-AA58-43B9-82BF-F4A729A84CED}.Debug|iPhone.Build.0 = Debug|Any CPU
		{E9935156-AA58-43B9-82BF-F4A729A84CED}.Debug|iPhoneSimulator.ActiveCfg = Debug|Any CPU
		{E9935156-AA58-43B9-82BF-F4A729A84CED}.Debug|iPhoneSimulator.Build.0 = Debug|Any CPU
		{E9935156-AA58-43B9-82BF-F4A729A84CED}.Debug|x64.ActiveCfg = Debug|Any CPU
		{E9935156-AA58-43B9-82BF-F4A729A84CED}.Debug|x64.Build.0 = Debug|Any CPU
		{E9935156-AA58-43B9-82BF-F4A729A84CED}.Debug|x86.ActiveCfg = Debug|Any CPU
		{E9935156-AA58-43B9-82BF-F4A729A84CED}.Debug|x86.Build.0 = Debug|Any CPU
		{E9935156-AA58-43B9-82BF-F4A729A84CED}.Release|Any CPU.ActiveCfg = Release|Any CPU
		{E9935156-AA58-43B9-82BF-F4A729A84CED}.Release|Any CPU.Build.0 = Release|Any CPU
		{E9935156-AA58-43B9-82BF-F4A729A84CED}.Release|ARM.ActiveCfg = Release|Any CPU
		{E9935156-AA58-43B9-82BF-F4A729A84CED}.Release|ARM.Build.0 = Release|Any CPU
		{E9935156-AA58-43B9-82BF-F4A729A84CED}.Release|iPhone.ActiveCfg = Release|Any CPU
		{E9935156-AA58-43B9-82BF-F4A729A84CED}.Release|iPhone.Build.0 = Release|Any CPU
		{E9935156-AA58-43B9-82BF-F4A729A84CED}.Release|iPhoneSimulator.ActiveCfg = Release|Any CPU
		{E9935156-AA58-43B9-82BF-F4A729A84CED}.Release|iPhoneSimulator.Build.0 = Release|Any CPU
		{E9935156-AA58-43B9-82BF-F4A729A84CED}.Release|x64.ActiveCfg = Release|Any CPU
		{E9935156-AA58-43B9-82BF-F4A729A84CED}.Release|x64.Build.0 = Release|Any CPU
		{E9935156-AA58-43B9-82BF-F4A729A84CED}.Release|x86.ActiveCfg = Release|Any CPU
		{E9935156-AA58-43B9-82BF-F4A729A84CED}.Release|x86.Build.0 = Release|Any CPU
	EndGlobalSection
	GlobalSection(SolutionProperties) = preSolution
		HideSolutionNode = FALSE
	EndGlobalSection
	GlobalSection(ExtensibilityGlobals) = postSolution
		SolutionGuid = {ECAADD28-91B9-4E42-BC8A-2F9CAF74D271}
	EndGlobalSection
EndGlobal
